
Microsoft Visual Studio Solution File, Format Version 12.00
# Visual Studio Version 17
VisualStudioVersion = 17.1.32210.238
MinimumVisualStudioVersion = 10.0.40219.1
Project("{9A19103F-16F7-4668-BE54-9A1E7A4F7556}") = "WebApplication1", "WebApplication1\WebApplication1.csproj", "{F4A81D8F-F312-4A30-9B07-7DA3805A2F66}"
EndProject
Project("{9A19103F-16F7-4668-BE54-9A1E7A4F7556}") = "ConsoleApp1", "ConsoleApp1\ConsoleApp1.csproj", "{A45FEBAC-B9F3-4297-8A16-C7A8DB74C1BF}"
EndProject
Project("{9A19103F-16F7-4668-BE54-9A1E7A4F7556}") = "ConsoleApp2", "ConsoleApp2\ConsoleApp2.csproj", "{F9916C34-6404-403D-9777-08821711C53C}"
EndProject
Project("{9A19103F-16F7-4668-BE54-9A1E7A4F7556}") = "WebApplication4", "WebApplication4\WebApplication4.csproj", "{9351DC85-2D4A-43B0-9FD6-CA0F036A99CC}"
EndProject
Project("{9A19103F-16F7-4668-BE54-9A1E7A4F7556}") = "WebApi", "WebApi\WebApi.csproj", "{28855FAD-0E41-4BE6-A456-FD55525D137F}"
EndProject
Project("{FAE04EC0-301F-11D3-BF4B-00C04F79EFBC}") = "DB", "DB\DB.csproj", "{5F7D3380-E38A-410C-A040-4886AD7AC84C}"
EndProject
Global
	GlobalSection(SolutionConfigurationPlatforms) = preSolution
		Debug|Any CPU = Debug|Any CPU
		Release|Any CPU = Release|Any CPU
	EndGlobalSection
	GlobalSection(ProjectConfigurationPlatforms) = postSolution
		{F4A81D8F-F312-4A30-9B07-7DA3805A2F66}.Debug|Any CPU.ActiveCfg = Debug|Any CPU
		{F4A81D8F-F312-4A30-9B07-7DA3805A2F66}.Debug|Any CPU.Build.0 = Debug|Any CPU
		{F4A81D8F-F312-4A30-9B07-7DA3805A2F66}.Release|Any CPU.ActiveCfg = Release|Any CPU
		{F4A81D8F-F312-4A30-9B07-7DA3805A2F66}.Release|Any CPU.Build.0 = Release|Any CPU
		{A45FEBAC-B9F3-4297-8A16-C7A8DB74C1BF}.Debug|Any CPU.ActiveCfg = Debug|Any CPU
		{A45FEBAC-B9F3-4297-8A16-C7A8DB74C1BF}.Debug|Any CPU.Build.0 = Debug|Any CPU
		{A45FEBAC-B9F3-4297-8A16-C7A8DB74C1BF}.Release|Any CPU.ActiveCfg = Release|Any CPU
		{A45FEBAC-B9F3-4297-8A16-C7A8DB74C1BF}.Release|Any CPU.Build.0 = Release|Any CPU
		{F9916C34-6404-403D-9777-08821711C53C}.Debug|Any CPU.ActiveCfg = Debug|Any CPU
		{F9916C34-6404-403D-9777-08821711C53C}.Debug|Any CPU.Build.0 = Debug|Any CPU
		{F9916C34-6404-403D-9777-08821711C53C}.Release|Any CPU.ActiveCfg = Release|Any CPU
		{F9916C34-6404-403D-9777-08821711C53C}.Release|Any CPU.Build.0 = Release|Any CPU
		{9351DC85-2D4A-43B0-9FD6-CA0F036A99CC}.Debug|Any CPU.ActiveCfg = Debug|Any CPU
		{9351DC85-2D4A-43B0-9FD6-CA0F036A99CC}.Debug|Any CPU.Build.0 = Debug|Any CPU
		{9351DC85-2D4A-43B0-9FD6-CA0F036A99CC}.Release|Any CPU.ActiveCfg = Release|Any CPU
		{9351DC85-2D4A-43B0-9FD6-CA0F036A99CC}.Release|Any CPU.Build.0 = Release|Any CPU
		{28855FAD-0E41-4BE6-A456-FD55525D137F}.Debug|Any CPU.ActiveCfg = Debug|Any CPU
		{28855FAD-0E41-4BE6-A456-FD55525D137F}.Debug|Any CPU.Build.0 = Debug|Any CPU
		{28855FAD-0E41-4BE6-A456-FD55525D137F}.Release|Any CPU.ActiveCfg = Release|Any CPU
		{28855FAD-0E41-4BE6-A456-FD55525D137F}.Release|Any CPU.Build.0 = Release|Any CPU
		{5F7D3380-E38A-410C-A040-4886AD7AC84C}.Debug|Any CPU.ActiveCfg = Debug|Any CPU
		{5F7D3380-E38A-410C-A040-4886AD7AC84C}.Debug|Any CPU.Build.0 = Debug|Any CPU
		{5F7D3380-E38A-410C-A040-4886AD7AC84C}.Release|Any CPU.ActiveCfg = Release|Any CPU
		{5F7D3380-E38A-410C-A040-4886AD7AC84C}.Release|Any CPU.Build.0 = Release|Any CPU
	EndGlobalSection
	GlobalSection(SolutionProperties) = preSolution
		HideSolutionNode = FALSE
	EndGlobalSection
	GlobalSection(ExtensibilityGlobals) = postSolution
		SolutionGuid = {F88CEA2D-10EA-43D2-8775-AE6456462E85}
	EndGlobalSection
EndGlobal
